
Microsoft Visual Studio Solution File, Format Version 12.00
# Visual Studio Version 16
VisualStudioVersion = 16.0.30907.101
MinimumVisualStudioVersion = 10.0.40219.1
Project("{FAE04EC0-301F-11D3-BF4B-00C04F79EFBC}") = "EmployeeManagement.Models", "EmployeeManagement.Models\EmployeeManagement.Models.csproj", "{83827753-8528-4489-8347-7F0C88946B51}"
EndProject
Project("{FAE04EC0-301F-11D3-BF4B-00C04F79EFBC}") = "EmployeeManagement.Web", "EmployeeManagement.Web\EmployeeManagement.Web.csproj", "{A701F7AC-466C-4477-971A-3856CB132A8D}"
EndProject
Global
	GlobalSection(SolutionConfigurationPlatforms) = preSolution
		Debug|Any CPU = Debug|Any CPU
		Release|Any CPU = Release|Any CPU
	EndGlobalSection
	GlobalSection(ProjectConfigurationPlatforms) = postSolution
		{83827753-8528-4489-8347-7F0C88946B51}.Debug|Any CPU.ActiveCfg = Debug|Any CPU
		{83827753-8528-4489-8347-7F0C88946B51}.Debug|Any CPU.Build.0 = Debug|Any CPU
		{83827753-8528-4489-8347-7F0C88946B51}.Release|Any CPU.ActiveCfg = Release|Any CPU
		{83827753-8528-4489-8347-7F0C88946B51}.Release|Any CPU.Build.0 = Release|Any CPU
		{A701F7AC-466C-4477-971A-3856CB132A8D}.Debug|Any CPU.ActiveCfg = Debug|Any CPU
		{A701F7AC-466C-4477-971A-3856CB132A8D}.Debug|Any CPU.Build.0 = Debug|Any CPU
		{A701F7AC-466C-4477-971A-3856CB132A8D}.Release|Any CPU.ActiveCfg = Release|Any CPU
		{A701F7AC-466C-4477-971A-3856CB132A8D}.Release|Any CPU.Build.0 = Release|Any CPU
	EndGlobalSection
	GlobalSection(SolutionProperties) = preSolution
		HideSolutionNode = FALSE
	EndGlobalSection
	GlobalSection(ExtensibilityGlobals) = postSolution
		SolutionGuid = {1472250E-937D-4E5E-8315-46A46F967A3C}
	EndGlobalSection
EndGlobal
